
Microsoft Visual Studio Solution File, Format Version 12.00
# Visual Studio Version 17
VisualStudioVersion = 17.6.33815.320
MinimumVisualStudioVersion = 10.0.40219.1
Project("{9A19103F-16F7-4668-BE54-9A1E7A4F7556}") = "serverApp", "serverApp\serverApp.csproj", "{D9472A8E-5226-4422-A171-BAAEAA891959}"
EndProject
Project("{FAE04EC0-301F-11D3-BF4B-00C04F79EFBC}") = "createDB", "createDB\createDB.csproj", "{CF7366A7-E9B6-4E89-8995-184E3A215EE1}"
EndProject
Project("{FAE04EC0-301F-11D3-BF4B-00C04F79EFBC}") = "lib", "..\lib\lib.csproj", "{2102F606-F282-4B58-8304-E29E15485A4A}"
EndProject
Global
	GlobalSection(SolutionConfigurationPlatforms) = preSolution
		Debug|Any CPU = Debug|Any CPU
		Debug|ARM = Debug|ARM
		Debug|ARM64 = Debug|ARM64
		Debug|x64 = Debug|x64
		Debug|x86 = Debug|x86
		Release|Any CPU = Release|Any CPU
		Release|ARM = Release|ARM
		Release|ARM64 = Release|ARM64
		Release|x64 = Release|x64
		Release|x86 = Release|x86
	EndGlobalSection
	GlobalSection(ProjectConfigurationPlatforms) = postSolution
		{D9472A8E-5226-4422-A171-BAAEAA891959}.Debug|Any CPU.ActiveCfg = Debug|Any CPU
		{D9472A8E-5226-4422-A171-BAAEAA891959}.Debug|Any CPU.Build.0 = Debug|Any CPU
		{D9472A8E-5226-4422-A171-BAAEAA891959}.Debug|ARM.ActiveCfg = Debug|Any CPU
		{D9472A8E-5226-4422-A171-BAAEAA891959}.Debug|ARM.Build.0 = Debug|Any CPU
		{D9472A8E-5226-4422-A171-BAAEAA891959}.Debug|ARM64.ActiveCfg = Debug|Any CPU
		{D9472A8E-5226-4422-A171-BAAEAA891959}.Debug|ARM64.Build.0 = Debug|Any CPU
		{D9472A8E-5226-4422-A171-BAAEAA891959}.Debug|x64.ActiveCfg = Debug|Any CPU
		{D9472A8E-5226-4422-A171-BAAEAA891959}.Debug|x64.Build.0 = Debug|Any CPU
		{D9472A8E-5226-4422-A171-BAAEAA891959}.Debug|x86.ActiveCfg = Debug|Any CPU
		{D9472A8E-5226-4422-A171-BAAEAA891959}.Debug|x86.Build.0 = Debug|Any CPU
		{D9472A8E-5226-4422-A171-BAAEAA891959}.Release|Any CPU.ActiveCfg = Release|Any CPU
		{D9472A8E-5226-4422-A171-BAAEAA891959}.Release|Any CPU.Build.0 = Release|Any CPU
		{D9472A8E-5226-4422-A171-BAAEAA891959}.Release|ARM.ActiveCfg = Release|Any CPU
		{D9472A8E-5226-4422-A171-BAAEAA891959}.Release|ARM.Build.0 = Release|Any CPU
		{D9472A8E-5226-4422-A171-BAAEAA891959}.Release|ARM64.ActiveCfg = Release|Any CPU
		{D9472A8E-5226-4422-A171-BAAEAA891959}.Release|ARM64.Build.0 = Release|Any CPU
		{D9472A8E-5226-4422-A171-BAAEAA891959}.Release|x64.ActiveCfg = Release|Any CPU
		{D9472A8E-5226-4422-A171-BAAEAA891959}.Release|x64.Build.0 = Release|Any CPU
		{D9472A8E-5226-4422-A171-BAAEAA891959}.Release|x86.ActiveCfg = Release|Any CPU
		{D9472A8E-5226-4422-A171-BAAEAA891959}.Release|x86.Build.0 = Release|Any CPU
		{CF7366A7-E9B6-4E89-8995-184E3A215EE1}.Debug|Any CPU.ActiveCfg = Debug|Any CPU
		{CF7366A7-E9B6-4E89-8995-184E3A215EE1}.Debug|Any CPU.Build.0 = Debug|Any CPU
		{CF7366A7-E9B6-4E89-8995-184E3A215EE1}.Debug|ARM.ActiveCfg = Debug|Any CPU
		{CF7366A7-E9B6-4E89-8995-184E3A215EE1}.Debug|ARM.Build.0 = Debug|Any CPU
		{CF7366A7-E9B6-4E89-8995-184E3A215EE1}.Debug|ARM64.ActiveCfg = Debug|Any CPU
		{CF7366A7-E9B6-4E89-8995-184E3A215EE1}.Debug|ARM64.Build.0 = Debug|Any CPU
		{CF7366A7-E9B6-4E89-8995-184E3A215EE1}.Debug|x64.ActiveCfg = Debug|Any CPU
		{CF7366A7-E9B6-4E89-8995-184E3A215EE1}.Debug|x64.Build.0 = Debug|Any CPU
		{CF7366A7-E9B6-4E89-8995-184E3A215EE1}.Debug|x86.ActiveCfg = Debug|Any CPU
		{CF7366A7-E9B6-4E89-8995-184E3A215EE1}.Debug|x86.Build.0 = Debug|Any CPU
		{CF7366A7-E9B6-4E89-8995-184E3A215EE1}.Release|Any CPU.ActiveCfg = Release|Any CPU
		{CF7366A7-E9B6-4E89-8995-184E3A215EE1}.Release|Any CPU.Build.0 = Release|Any CPU
		{CF7366A7-E9B6-4E89-8995-184E3A215EE1}.Release|ARM.ActiveCfg = Release|Any CPU
		{CF7366A7-E9B6-4E89-8995-184E3A215EE1}.Release|ARM.Build.0 = Release|Any CPU
		{CF7366A7-E9B6-4E89-8995-184E3A215EE1}.Release|ARM64.ActiveCfg = Release|Any CPU
		{CF7366A7-E9B6-4E89-8995-184E3A215EE1}.Release|ARM64.Build.0 = Release|Any CPU
		{CF7366A7-E9B6-4E89-8995-184E3A215EE1}.Release|x64.ActiveCfg = Release|Any CPU
		{CF7366A7-E9B6-4E89-8995-184E3A215EE1}.Release|x64.Build.0 = Release|Any CPU
		{CF7366A7-E9B6-4E89-8995-184E3A215EE1}.Release|x86.ActiveCfg = Release|Any CPU
		{CF7366A7-E9B6-4E89-8995-184E3A215EE1}.Release|x86.Build.0 = Release|Any CPU
		{2102F606-F282-4B58-8304-E29E15485A4A}.Debug|Any CPU.ActiveCfg = Debug|Any CPU
		{2102F606-F282-4B58-8304-E29E15485A4A}.Debug|Any CPU.Build.0 = Debug|Any CPU
		{2102F606-F282-4B58-8304-E29E15485A4A}.Debug|ARM.ActiveCfg = Debug|Any CPU
		{2102F606-F282-4B58-8304-E29E15485A4A}.Debug|ARM.Build.0 = Debug|Any CPU
		{2102F606-F282-4B58-8304-E29E15485A4A}.Debug|ARM64.ActiveCfg = Debug|Any CPU
		{2102F606-F282-4B58-8304-E29E15485A4A}.Debug|ARM64.Build.0 = Debug|Any CPU
		{2102F606-F282-4B58-8304-E29E15485A4A}.Debug|x64.ActiveCfg = Debug|Any CPU
		{2102F606-F282-4B58-8304-E29E15485A4A}.Debug|x64.Build.0 = Debug|Any CPU
		{2102F606-F282-4B58-8304-E29E15485A4A}.Debug|x86.ActiveCfg = Debug|Any CPU
		{2102F606-F282-4B58-8304-E29E15485A4A}.Debug|x86.Build.0 = Debug|Any CPU
		{2102F606-F282-4B58-8304-E29E15485A4A}.Release|Any CPU.ActiveCfg = Release|Any CPU
		{2102F606-F282-4B58-8304-E29E15485A4A}.Release|Any CPU.Build.0 = Release|Any CPU
		{2102F606-F282-4B58-8304-E29E15485A4A}.Release|ARM.ActiveCfg = Release|Any CPU
		{2102F606-F282-4B58-8304-E29E15485A4A}.Release|ARM.Build.0 = Release|Any CPU
		{2102F606-F282-4B58-8304-E29E15485A4A}.Release|ARM64.ActiveCfg = Release|Any CPU
		{2102F606-F282-4B58-8304-E29E15485A4A}.Release|ARM64.Build.0 = Release|Any CPU
		{2102F606-F282-4B58-8304-E29E15485A4A}.Release|x64.ActiveCfg = Release|Any CPU
		{2102F606-F282-4B58-8304-E29E15485A4A}.Release|x64.Build.0 = Release|Any CPU
		{2102F606-F282-4B58-8304-E29E15485A4A}.Release|x86.ActiveCfg = Release|Any CPU
		{2102F606-F282-4B58-8304-E29E15485A4A}.Release|x86.Build.0 = Release|Any CPU
	EndGlobalSection
	GlobalSection(SolutionProperties) = preSolution
		HideSolutionNode = FALSE
	EndGlobalSection
	GlobalSection(ExtensibilityGlobals) = postSolution
		SolutionGuid = {4AB0C4EF-1784-4E5C-ADC9-AAA1C8AAD956}
	EndGlobalSection
EndGlobal
