
Microsoft Visual Studio Solution File, Format Version 12.00
# Visual Studio Version 17
VisualStudioVersion = 17.6.33815.320
MinimumVisualStudioVersion = 10.0.40219.1
Project("{FAE04EC0-301F-11D3-BF4B-00C04F79EFBC}") = "ClientApp", "ClientApp.csproj", "{06980D3C-8548-43E8-8BB5-49EAD9820DC8}"
EndProject
Project("{FAE04EC0-301F-11D3-BF4B-00C04F79EFBC}") = "lib", "..\lib\lib.csproj", "{2102F606-F282-4B58-8304-E29E15485A4A}"
EndProject
Global
	GlobalSection(SolutionConfigurationPlatforms) = preSolution
		Debug|Any CPU = Debug|Any CPU
		Release|Any CPU = Release|Any CPU
	EndGlobalSection
	GlobalSection(ProjectConfigurationPlatforms) = postSolution
		{06980D3C-8548-43E8-8BB5-49EAD9820DC8}.Debug|Any CPU.ActiveCfg = Debug|Any CPU
		{06980D3C-8548-43E8-8BB5-49EAD9820DC8}.Debug|Any CPU.Build.0 = Debug|Any CPU
		{06980D3C-8548-43E8-8BB5-49EAD9820DC8}.Release|Any CPU.ActiveCfg = Release|Any CPU
		{06980D3C-8548-43E8-8BB5-49EAD9820DC8}.Release|Any CPU.Build.0 = Release|Any CPU
		{2102F606-F282-4B58-8304-E29E15485A4A}.Debug|Any CPU.ActiveCfg = Debug|Any CPU
		{2102F606-F282-4B58-8304-E29E15485A4A}.Debug|Any CPU.Build.0 = Debug|Any CPU
		{2102F606-F282-4B58-8304-E29E15485A4A}.Release|Any CPU.ActiveCfg = Release|Any CPU
		{2102F606-F282-4B58-8304-E29E15485A4A}.Release|Any CPU.Build.0 = Release|Any CPU
	EndGlobalSection
	GlobalSection(SolutionProperties) = preSolution
		HideSolutionNode = FALSE
	EndGlobalSection
	GlobalSection(ExtensibilityGlobals) = postSolution
		SolutionGuid = {4281D1E4-2361-438C-AEC6-E5FE9ADA2143}
	EndGlobalSection
EndGlobal
